Microsoft Visual Studio Solution File, Format Version 11.00
# Visual Studio 2008

Project("{3AE55595-B618-F23A-9516-E89DA5FAD27C}") = "IAN", "Assembly-CSharp.csproj", "{8CD88C16-25B5-2CDB-C7C0-FA255A989D80}"
EndProject
Project("{3AE55595-B618-F23A-9516-E89DA5FAD27C}") = "IAN", "Assembly-CSharp-Editor.csproj", "{5B4263B3-A7BC-690A-001F-43B7F02075FA}"
EndProject
Global
	GlobalSection(SolutionConfigurationPlatforms) = preSolution
		Debug|Any CPU = Debug|Any CPU
		Release|Any CPU = Release|Any CPU
	EndGlobalSection
	GlobalSection(ProjectConfigurationPlatforms) = postSolution
		{8CD88C16-25B5-2CDB-C7C0-FA255A989D80}.Debug|Any CPU.ActiveCfg = Debug|Any CPU
		{8CD88C16-25B5-2CDB-C7C0-FA255A989D80}.Debug|Any CPU.Build.0 = Debug|Any CPU
		{8CD88C16-25B5-2CDB-C7C0-FA255A989D80}.Release|Any CPU.ActiveCfg = Release|Any CPU
		{8CD88C16-25B5-2CDB-C7C0-FA255A989D80}.Release|Any CPU.Build.0 = Release|Any CPU
		{5B4263B3-A7BC-690A-001F-43B7F02075FA}.Debug|Any CPU.ActiveCfg = Debug|Any CPU
		{5B4263B3-A7BC-690A-001F-43B7F02075FA}.Debug|Any CPU.Build.0 = Debug|Any CPU
		{5B4263B3-A7BC-690A-001F-43B7F02075FA}.Release|Any CPU.ActiveCfg = Release|Any CPU
		{5B4263B3-A7BC-690A-001F-43B7F02075FA}.Release|Any CPU.Build.0 = Release|Any CPU
	EndGlobalSection
	GlobalSection(SolutionProperties) = preSolution
		HideSolutionNode = FALSE
	EndGlobalSection
																																																																																																																																																																																					GlobalSection(MonoDevelopProperties) = preSolution
		StartupItem = Assembly-CSharp.csproj
		Policies = $0
		$0.TextStylePolicy = $1
		$1.inheritsSet = null
		$1.scope = text/x-csharp
		$0.CSharpFormattingPolicy = $2
		$2.inheritsSet = Mono
		$2.inheritsScope = text/x-csharp
		$2.scope = text/x-csharp
		$0.TextStylePolicy = $3
		$3.FileWidth = 120
		$3.TabWidth = 4
		$3.IndentWidth = 4
		$3.EolMarker = Unix
		$3.inheritsSet = Mono
		$3.inheritsScope = text/plain
		$3.scope = text/plain
	EndGlobalSection

EndGlobal
